{
  "name": "angular-ngrx-example",
  "requires": true,
  "lockfileVersion": 1,
  "dependencies": {
    "@ngrx/schematics": {
      "version": "13.2.0",
      "resolved": "https://registry.npmjs.org/@ngrx/schematics/-/schematics-13.2.0.tgz",
      "integrity": "sha512-MpSJFWF+Pppwv2C+0NNw8RPZmgbhaiEMCiF8VUkAJkXki9CV9Da6cTOa+v1nIrrfUpm/L+jD8DL9CPJTPccRZg==",
      "dev": true
    },
    "@ngrx/store": {
      "version": "13.2.0",
      "resolved": "https://registry.npmjs.org/@ngrx/store/-/store-13.2.0.tgz",
      "integrity": "sha512-3wlGMkfe0EXsiS6E6W0wCksuGapa5Z6JVFvKQMHFpXZ3XeixXKlULnemlcdMT7Yrnry+CGOtRHqkmKxLoQzhTw==",
      "requires": {
        "tslib": "^2.0.0"
      }
    },
    "tslib": {
      "version": "2.4.0",
      "resolved": "https://registry.npmjs.org/tslib/-/tslib-2.4.0.tgz",
      "integrity": "sha512-d6xOpEDfsi2CZVlPQzGeux8XMwLT9hssAsaPYExaQMuYskwb+x1x7J371tWlbBdWHroy99KnVB6qIkUbs5X3UQ=="
    }
  }
}
